github.com/phques/gomisc v0.1.0 h1:3PGzKcngnum2kU/Noyzl0KIctIt+YS4jwUJ4ebmkauI=
github.com/phques/gomisc v0.1.0/go.mod h1:uToGbbvtPvvWSTfJdpZwPj+daOnsPepYxP/kNjRNwRY=
github.com/phques/gomisc/ordone v0.0.0-20240803072755-965978b52282 h1:odcrSfAk45hBNYuDEboyyXfOVrLFrJ9TmhHySJLES1A=
github.com/phques/gomisc/ordone v0.0.0-20240803072755-965978b52282/go.mod h1:7noL+J8Dj3f+mrTvCvQPdZRps+fTXFRtBPUWXQ9F/P8=
github.com/phques/gomisc/ordone v0.0.0-20240803192759-99a556b8ff6f h1:1KX9PWAr+ahW5QFH0JDHVotQ58uJDgPuJ5D1eLk19OU=
github.com/phques/gomisc/ordone v0.0.0-20240803192759-99a556b8ff6f/go.mod h1:7noL+J8Dj3f+mrTvCvQPdZRps+fTXFRtBPUWXQ9F/P8=
